// !$*UTF8*$!
{
	archiveVersion = 1;
	classes = {
	};
	objectVersion = 77;
	objects = {

/* Begin PBXContainerItemProxy section */
		D9E26E182CA20A5900EB1CF7 /* PBXContainerItemProxy */ = {
			isa = PBXContainerItemProxy;
			containerPortal = D9E26DFF2CA20A5800EB1CF7 /* Project object */;
			proxyType = 1;
			remoteGlobalIDString = D9E26E062CA20A5800EB1CF7;
			remoteInfo = AppGarden;
		};
		D9E26E222CA20A5900EB1CF7 /* PBXContainerItemProxy */ = {
			isa = PBXContainerItemProxy;
			containerPortal = D9E26DFF2CA20A5800EB1CF7 /* Project object */;
			proxyType = 1;
			remoteGlobalIDString = D9E26E062CA20A5800EB1CF7;
			remoteInfo = AppGarden;
		};
/* End PBXContainerItemProxy section */

/* Begin PBXFileReference section */
		D9E26E072CA20A5800EB1CF7 /* AppGarden.app */ = {isa = PBXFileReference; explicitFileType = wrapper.application; includeInIndex = 0; path = AppGarden.app; sourceTree = BUILT_PRODUCTS_DIR; };
		D9E26E172CA20A5900EB1CF7 /* AppGardenTests.xctest */ = {isa = PBXFileReference; explicitFileType = wrapper.cfbundle; includeInIndex = 0; path = AppGardenTests.xctest; sourceTree = BUILT_PRODUCTS_DIR; };
		D9E26E212CA20A5900EB1CF7 /* AppGardenUITests.xctest */ = {isa = PBXFileReference; explicitFileType = wrapper.cfbundle; includeInIndex = 0; path = AppGardenUITests.xctest; sourceTree = BUILT_PRODUCTS_DIR; };
/* End PBXFileReference section */

/* Begin PBXFileSystemSynchronizedRootGroup section */
		D9E26E092CA20A5800EB1CF7 /* AppGarden */ = {
			isa = PBXFileSystemSynchronizedRootGroup;
			path = AppGarden;
			sourceTree = "<group>";
		};
		D9E26E1A2CA20A5900EB1CF7 /* AppGardenTests */ = {
			isa = PBXFileSystemSynchronizedRootGroup;
			path = AppGardenTests;
			sourceTree = "<group>";
		};
		D9E26E242CA20A5900EB1CF7 /* AppGardenUITests */ = {
			isa = PBXFileSystemSynchronizedRootGroup;
			path = AppGardenUITests;
			sourceTree = "<group>";
		};
/* End PBXFileSystemSynchronizedRootGroup section */

/* Begin PBXFrameworksBuildPhase section */
		D9E26E042CA20A5800EB1CF7 /* Frameworks */ = {
			isa = PBXFrameworksBuildPhase;
			buildActionMask = 2147483647;
			files = (
			);
			runOnlyForDeploymentPostprocessing = 0;
		};
		D9E26E142CA20A5900EB1CF7 /* Frameworks */ = {
			isa = PBXFrameworksBuildPhase;
			buildActionMask = 2147483647;
			files = (
			);
			runOnlyForDeploymentPostprocessing = 0;
		};
		D9E26E1E2CA20A5900EB1CF7 /* Frameworks */ = {
			isa = PBXFrameworksBuildPhase;
			buildActionMask = 2147483647;
			files = (
			);
			runOnlyForDeploymentPostprocessing = 0;
		};
/* End PBXFrameworksBuildPhase section */

/* Begin PBXGroup section */
		D9E26DFE2CA20A5800EB1CF7 = {
			isa = PBXGroup;
			children = (
				D9E26E092CA20A5800EB1CF7 /* AppGarden */,
				D9E26E1A2CA20A5900EB1CF7 /* AppGardenTests */,
				D9E26E242CA20A5900EB1CF7 /* AppGardenUITests */,
				D9E26E082CA20A5800EB1CF7 /* Products */,
			);
			sourceTree = "<group>";
		};
		D9E26E082CA20A5800EB1CF7 /* Products */ = {
			isa = PBXGroup;
			children = (
				D9E26E072CA20A5800EB1CF7 /* AppGarden.app */,
				D9E26E172CA20A5900EB1CF7 /* AppGardenTests.xctest */,
				D9E26E212CA20A5900EB1CF7 /* AppGardenUITests.xctest */,
			);
			name = Products;
			sourceTree = "<group>";
		};
/* End PBXGroup section */

/* Begin PBXNativeTarget section */
		D9E26E062CA20A5800EB1CF7 /* AppGarden */ = {
			isa = PBXNativeTarget;
			buildConfigurationList = D9E26E2B2CA20A5900EB1CF7 /* Build configuration list for PBXNativeTarget "AppGarden" */;
			buildPhases = (
				D9E26E032CA20A5800EB1CF7 /* Sources */,
				D9E26E042CA20A5800EB1CF7 /* Frameworks */,
				D9E26E052CA20A5800EB1CF7 /* Resources */,
			);
			buildRules = (
			);
			dependencies = (
			);
			fileSystemSynchronizedGroups = (
				D9E26E092CA20A5800EB1CF7 /* AppGarden */,
			);
			name = AppGarden;
			packageProductDependencies = (
			);
			productName = AppGarden;
			productReference = D9E26E072CA20A5800EB1CF7 /* AppGarden.app */;
			productType = "com.apple.product-type.application";
		};
		D9E26E162CA20A5900EB1CF7 /* AppGardenTests */ = {
			isa = PBXNativeTarget;
			buildConfigurationList = D9E26E2E2CA20A5900EB1CF7 /* Build configuration list for PBXNativeTarget "AppGardenTests" */;
			buildPhases = (
				D9E26E132CA20A5900EB1CF7 /* Sources */,
				D9E26E142CA20A5900EB1CF7 /* Frameworks */,
				D9E26E152CA20A5900EB1CF7 /* Resources */,
			);
			buildRules = (
			);
			dependencies = (
				D9E26E192CA20A5900EB1CF7 /* PBXTargetDependency */,
			);
			fileSystemSynchronizedGroups = (
				D9E26E1A2CA20A5900EB1CF7 /* AppGardenTests */,
			);
			name = AppGardenTests;
			packageProductDependencies = (
			);
			productName = AppGardenTests;
			productReference = D9E26E172CA20A5900EB1CF7 /* AppGardenTests.xctest */;
			productType = "com.apple.product-type.bundle.unit-test";
		};
		D9E26E202CA20A5900EB1CF7 /* AppGardenUITests */ = {
			isa = PBXNativeTarget;
			buildConfigurationList = D9E26E312CA20A5900EB1CF7 /* Build configuration list for PBXNativeTarget "AppGardenUITests" */;
			buildPhases = (
				D9E26E1D2CA20A5900EB1CF7 /* Sources */,
				D9E26E1E2CA20A5900EB1CF7 /* Frameworks */,
				D9E26E1F2CA20A5900EB1CF7 /* Resources */,
			);
			buildRules = (
			);
			dependencies = (
				D9E26E232CA20A5900EB1CF7 /* PBXTargetDependency */,
			);
			fileSystemSynchronizedGroups = (
				D9E26E242CA20A5900EB1CF7 /* AppGardenUITests */,
			);
			name = AppGardenUITests;
			packageProductDependencies = (
			);
			productName = AppGardenUITests;
			productReference = D9E26E212CA20A5900EB1CF7 /* AppGardenUITests.xctest */;
			productType = "com.apple.product-type.bundle.ui-testing";
		};
/* End PBXNativeTarget section */

/* Begin PBXProject section */
		D9E26DFF2CA20A5800EB1CF7 /* Project object */ = {
			isa = PBXProject;
			attributes = {
				BuildIndependentTargetsInParallel = 1;
				LastSwiftUpdateCheck = 1600;
				LastUpgradeCheck = 1600;
				TargetAttributes = {
					D9E26E062CA20A5800EB1CF7 = {
						CreatedOnToolsVersion = 16.0;
					};
					D9E26E162CA20A5900EB1CF7 = {
						CreatedOnToolsVersion = 16.0;
						TestTargetID = D9E26E062CA20A5800EB1CF7;
					};
					D9E26E202CA20A5900EB1CF7 = {
						CreatedOnToolsVersion = 16.0;
						TestTargetID = D9E26E062CA20A5800EB1CF7;
					};
				};
			};
			buildConfigurationList = D9E26E022CA20A5800EB1CF7 /* Build configuration list for PBXProject "AppGarden" */;
			developmentRegion = en;
			hasScannedForEncodings = 0;
			knownRegions = (
				en,
				Base,
			);
			mainGroup = D9E26DFE2CA20A5800EB1CF7;
			minimizedProjectReferenceProxies = 1;
			preferredProjectObjectVersion = 77;
			productRefGroup = D9E26E082CA20A5800EB1CF7 /* Products */;
			projectDirPath = "";
			projectRoot = "";
			targets = (
				D9E26E062CA20A5800EB1CF7 /* AppGarden */,
				D9E26E162CA20A5900EB1CF7 /* AppGardenTests */,
				D9E26E202CA20A5900EB1CF7 /* AppGardenUITests */,
			);
		};
/* End PBXProject section */

/* Begin PBXResourcesBuildPhase section */
		D9E26E052CA20A5800EB1CF7 /* Resources */ = {
			isa = PBXResourcesBuildPhase;
			buildActionMask = 2147483647;
			files = (
			);
			runOnlyForDeploymentPostprocessing = 0;
		};
		D9E26E152CA20A5900EB1CF7 /* Resources */ = {
			isa = PBXResourcesBuildPhase;
			buildActionMask = 2147483647;
			files = (
			);
			runOnlyForDeploymentPostprocessing = 0;
		};
		D9E26E1F2CA20A5900EB1CF7 /* Resources */ = {
			isa = PBXResourcesBuildPhase;
			buildActionMask = 2147483647;
			files = (
			);
			runOnlyForDeploymentPostprocessing = 0;
		};
/* End PBXResourcesBuildPhase section */

/* Begin PBXSourcesBuildPhase section */
		D9E26E032CA20A5800EB1CF7 /* Sources */ = {
			isa = PBXSourcesBuildPhase;
			buildActionMask = 2147483647;
			files = (
			);
			runOnlyForDeploymentPostprocessing = 0;
		};
		D9E26E132CA20A5900EB1CF7 /* Sources */ = {
			isa = PBXSourcesBuildPhase;
			buildActionMask = 2147483647;
			files = (
			);
			runOnlyForDeploymentPostprocessing = 0;
		};
		D9E26E1D2CA20A5900EB1CF7 /* Sources */ = {
			isa = PBXSourcesBuildPhase;
			buildActionMask = 2147483647;
			files = (
			);
			runOnlyForDeploymentPostprocessing = 0;
		};
/* End PBXSourcesBuildPhase section */

/* Begin PBXTargetDependency section */
		D9E26E192CA20A5900EB1CF7 /* PBXTargetDependency */ = {
			isa = PBXTargetDependency;
			target = D9E26E062CA20A5800EB1CF7 /* AppGarden */;
			targetProxy = D9E26E182CA20A5900EB1CF7 /* PBXContainerItemProxy */;
		};
		D9E26E232CA20A5900EB1CF7 /* PBXTargetDependency */ = {
			isa = PBXTargetDependency;
			target = D9E26E062CA20A5800EB1CF7 /* AppGarden */;
			targetProxy = D9E26E222CA20A5900EB1CF7 /* PBXContainerItemProxy */;
		};
/* End PBXTargetDependency section */

/* Begin XCBuildConfiguration section */
		D9E26E292CA20A5900EB1CF7 /* Debug */ = {
			isa = XCBuildConfiguration;
			buildSettings = {
				ALWAYS_SEARCH_USER_PATHS = NO;
				ASSETCATALOG_COMPILER_GENERATE_SWIFT_ASSET_SYMBOL_EXTENSIONS = YES;
				CLANG_ANALYZER_NONNULL = YES;
				CLANG_ANALYZER_NUMBER_OBJECT_CONVERSION = YES_AGGRESSIVE;
				CLANG_CXX_LANGUAGE_STANDARD = "gnu++20";
				CLANG_ENABLE_MODULES = YES;
				CLANG_ENABLE_OBJC_ARC = YES;
				CLANG_ENABLE_OBJC_WEAK = YES;
				CLANG_WARN_BLOCK_CAPTURE_AUTORELEASING = YES;
				CLANG_WARN_BOOL_CONVERSION = YES;
				CLANG_WARN_COMMA = YES;
				CLANG_WARN_CONSTANT_CONVERSION = YES;
				CLANG_WARN_DEPRECATED_OBJC_IMPLEMENTATIONS = YES;
				CLANG_WARN_DIRECT_OBJC_ISA_USAGE = YES_ERROR;
				CLANG_WARN_DOCUMENTATION_COMMENTS = YES;
				CLANG_WARN_EMPTY_BODY = YES;
				CLANG_WARN_ENUM_CONVERSION = YES;
				CLANG_WARN_INFINITE_RECURSION = YES;
				CLANG_WARN_INT_CONVERSION = YES;
				CLANG_WARN_NON_LITERAL_NULL_CONVERSION = YES;
				CLANG_WARN_OBJC_IMPLICIT_RETAIN_SELF = YES;
				CLANG_WARN_OBJC_LITERAL_CONVERSION = YES;
				CLANG_WARN_OBJC_ROOT_CLASS = YES_ERROR;
				CLANG_WARN_QUOTED_INCLUDE_IN_FRAMEWORK_HEADER = YES;
				CLANG_WARN_RANGE_LOOP_ANALYSIS = YES;
				CLANG_WARN_STRICT_PROTOTYPES = YES;
				CLANG_WARN_SUSPICIOUS_MOVE = YES;
				CLANG_WARN_UNGUARDED_AVAILABILITY = YES_AGGRESSIVE;
				CLANG_WARN_UNREACHABLE_CODE = YES;
				CLANG_WARN__DUPLICATE_METHOD_MATCH = YES;
				COPY_PHASE_STRIP = NO;
				DEBUG_INFORMATION_FORMAT = dwarf;
				ENABLE_STRICT_OBJC_MSGSEND = YES;
				ENABLE_TESTABILITY = YES;
				ENABLE_USER_SCRIPT_SANDBOXING = YES;
				GCC_C_LANGUAGE_STANDARD = gnu17;
				GCC_DYNAMIC_NO_PIC = NO;
				GCC_NO_COMMON_BLOCKS = YES;
				GCC_OPTIMIZATION_LEVEL = 0;
				GCC_PREPROCESSOR_DEFINITIONS = (
					"DEBUG=1",
					"$(inherited)",
				);
				GCC_WARN_64_TO_32_BIT_CONVERSION = YES;
				GCC_WARN_ABOUT_RETURN_TYPE = YES_ERROR;
				GCC_WARN_UNDECLARED_SELECTOR = YES;
				GCC_WARN_UNINITIALIZED_AUTOS = YES_AGGRESSIVE;
				GCC_WARN_UNUSED_FUNCTION = YES;
				GCC_WARN_UNUSED_VARIABLE = YES;
				IPHONEOS_DEPLOYMENT_TARGET = 18.0;
				LOCALIZATION_PREFERS_STRING_CATALOGS = YES;
				MTL_ENABLE_DEBUG_INFO = INCLUDE_SOURCE;
				MTL_FAST_MATH = YES;
				ONLY_ACTIVE_ARCH = YES;
				SDKROOT = iphoneos;
				SWIFT_ACTIVE_COMPILATION_CONDITIONS = "DEBUG $(inherited)";
				SWIFT_OPTIMIZATION_LEVEL = "-Onone";
			};
			name = Debug;
		};
		D9E26E2A2CA20A5900EB1CF7 /* Release */ = {
			isa = XCBuildConfiguration;
			buildSettings = {
				ALWAYS_SEARCH_USER_PATHS = NO;
				ASSETCATALOG_COMPILER_GENERATE_SWIFT_ASSET_SYMBOL_EXTENSIONS = YES;
				CLANG_ANALYZER_NONNULL = YES;
				CLANG_ANALYZER_NUMBER_OBJECT_CONVERSION = YES_AGGRESSIVE;
				CLANG_CXX_LANGUAGE_STANDARD = "gnu++20";
				CLANG_ENABLE_MODULES = YES;
				CLANG_ENABLE_OBJC_ARC = YES;
				CLANG_ENABLE_OBJC_WEAK = YES;
				CLANG_WARN_BLOCK_CAPTURE_AUTORELEASING = YES;
				CLANG_WARN_BOOL_CONVERSION = YES;
				CLANG_WARN_COMMA = YES;
				CLANG_WARN_CONSTANT_CONVERSION = YES;
				CLANG_WARN_DEPRECATED_OBJC_IMPLEMENTATIONS = YES;
				CLANG_WARN_DIRECT_OBJC_ISA_USAGE = YES_ERROR;
				CLANG_WARN_DOCUMENTATION_COMMENTS = YES;
				CLANG_WARN_EMPTY_BODY = YES;
				CLANG_WARN_ENUM_CONVERSION = YES;
				CLANG_WARN_INFINITE_RECURSION = YES;
				CLANG_WARN_INT_CONVERSION = YES;
				CLANG_WARN_NON_LITERAL_NULL_CONVERSION = YES;
				CLANG_WARN_OBJC_IMPLICIT_RETAIN_SELF = YES;
				CLANG_WARN_OBJC_LITERAL_CONVERSION = YES;
				CLANG_WARN_OBJC_ROOT_CLASS = YES_ERROR;
				CLANG_WARN_QUOTED_INCLUDE_IN_FRAMEWORK_HEADER = YES;
				CLANG_WARN_RANGE_LOOP_ANALYSIS = YES;
				CLANG_WARN_STRICT_PROTOTYPES = YES;
				CLANG_WARN_SUSPICIOUS_MOVE = YES;
				CLANG_WARN_UNGUARDED_AVAILABILITY = YES_AGGRESSIVE;
				CLANG_WARN_UNREACHABLE_CODE = YES;
				CLANG_WARN__DUPLICATE_METHOD_MATCH = YES;
				COPY_PHASE_STRIP = NO;
				DEBUG_INFORMATION_FORMAT = "dwarf-with-dsym";
				ENABLE_NS_ASSERTIONS = NO;
				ENABLE_STRICT_OBJC_MSGSEND = YES;
				ENABLE_USER_SCRIPT_SANDBOXING = YES;
				GCC_C_LANGUAGE_STANDARD = gnu17;
				GCC_NO_COMMON_BLOCKS = YES;
				GCC_WARN_64_TO_32_BIT_CONVERSION = YES;
				GCC_WARN_ABOUT_RETURN_TYPE = YES_ERROR;
				GCC_WARN_UNDECLARED_SELECTOR = YES;
				GCC_WARN_UNINITIALIZED_AUTOS = YES_AGGRESSIVE;
				GCC_WARN_UNUSED_FUNCTION = YES;
				GCC_WARN_UNUSED_VARIABLE = YES;
				IPHONEOS_DEPLOYMENT_TARGET = 18.0;
				LOCALIZATION_PREFERS_STRING_CATALOGS = YES;
				MTL_ENABLE_DEBUG_INFO = NO;
				MTL_FAST_MATH = YES;
				SDKROOT = iphoneos;
				SWIFT_COMPILATION_MODE = wholemodule;
				VALIDATE_PRODUCT = YES;
			};
			name = Release;
		};
		D9E26E2C2CA20A5900EB1CF7 /* Debug */ = {
			isa = XCBuildConfiguration;
			buildSettings = {
				ASSETCATALOG_COMPILER_APPICON_NAME = AppIcon;
				ASSETCATALOG_COMPILER_GLOBAL_ACCENT_COLOR_NAME = AccentColor;
				CODE_SIGN_STYLE = Automatic;
				CURRENT_PROJECT_VERSION = 1;
				DEVELOPMENT_ASSET_PATHS = "\"AppGarden/Preview Content\"";
				ENABLE_PREVIEWS = YES;
				GENERATE_INFOPLIST_FILE = YES;
				INFOPLIST_KEY_UIApplicationSceneManifest_Generation = YES;
				INFOPLIST_KEY_UIApplicationSupportsIndirectInputEvents = YES;
				INFOPLIST_KEY_UILaunchScreen_Generation = YES;
				INFOPLIST_KEY_UISupportedInterfaceOrientations_iPad = "UIInterfaceOrientationPortrait UIInterfaceOrientationPortraitUpsideDown UIInterfaceOrientationLandscapeLeft UIInterfaceOrientationLandscapeRight";
				INFOPLIST_KEY_UISupportedInterfaceOrientations_iPhone = "UIInterfaceOrientationPortrait UIInterfaceOrientationLandscapeLeft UIInterfaceOrientationLandscapeRight";
				LD_RUNPATH_SEARCH_PATHS = (
					"$(inherited)",
					"@executable_path/Frameworks",
				);
				MARKETING_VERSION = 1.0;
				PRODUCT_BUNDLE_IDENTIFIER = com.udemy.AppGarden;
				PRODUCT_NAME = "$(TARGET_NAME)";
				SWIFT_EMIT_LOC_STRINGS = YES;
				SWIFT_VERSION = 5.0;
				TARGETED_DEVICE_FAMILY = "1,2";
			};
			name = Debug;
		};
		D9E26E2D2CA20A5900EB1CF7 /* Release */ = {
			isa = XCBuildConfiguration;
			buildSettings = {
				ASSETCATALOG_COMPILER_APPICON_NAME = AppIcon;
				ASSETCATALOG_COMPILER_GLOBAL_ACCENT_COLOR_NAME = AccentColor;
				CODE_SIGN_STYLE = Automatic;
				CURRENT_PROJECT_VERSION = 1;
				DEVELOPMENT_ASSET_PATHS = "\"AppGarden/Preview Content\"";
				ENABLE_PREVIEWS = YES;
				GENERATE_INFOPLIST_FILE = YES;
				INFOPLIST_KEY_UIApplicationSceneManifest_Generation = YES;
				INFOPLIST_KEY_UIApplicationSupportsIndirectInputEvents = YES;
				INFOPLIST_KEY_UILaunchScreen_Generation = YES;
				INFOPLIST_KEY_UISupportedInterfaceOrientations_iPad = "UIInterfaceOrientationPortrait UIInterfaceOrientationPortraitUpsideDown UIInterfaceOrientationLandscapeLeft UIInterfaceOrientationLandscapeRight";
				INFOPLIST_KEY_UISupportedInterfaceOrientations_iPhone = "UIInterfaceOrientationPortrait UIInterfaceOrientationLandscapeLeft UIInterfaceOrientationLandscapeRight";
				LD_RUNPATH_SEARCH_PATHS = (
					"$(inherited)",
					"@executable_path/Frameworks",
				);
				MARKETING_VERSION = 1.0;
				PRODUCT_BUNDLE_IDENTIFIER = com.udemy.AppGarden;
				PRODUCT_NAME = "$(TARGET_NAME)";
				SWIFT_EMIT_LOC_STRINGS = YES;
				SWIFT_VERSION = 5.0;
				TARGETED_DEVICE_FAMILY = "1,2";
			};
			name = Release;
		};
		D9E26E2F2CA20A5900EB1CF7 /* Debug */ = {
			isa = XCBuildConfiguration;
			buildSettings = {
				BUNDLE_LOADER = "$(TEST_HOST)";
				CODE_SIGN_STYLE = Automatic;
				CURRENT_PROJECT_VERSION = 1;
				GENERATE_INFOPLIST_FILE = YES;
				IPHONEOS_DEPLOYMENT_TARGET = 18.0;
				MARKETING_VERSION = 1.0;
				PRODUCT_BUNDLE_IDENTIFIER = com.udemy.AppGardenTests;
				PRODUCT_NAME = "$(TARGET_NAME)";
				SWIFT_EMIT_LOC_STRINGS = NO;
				SWIFT_VERSION = 5.0;
				TARGETED_DEVICE_FAMILY = "1,2";
				TEST_HOST = "$(BUILT_PRODUCTS_DIR)/AppGarden.app/$(BUNDLE_EXECUTABLE_FOLDER_PATH)/AppGarden";
			};
			name = Debug;
		};
		D9E26E302CA20A5900EB1CF7 /* Release */ = {
			isa = XCBuildConfiguration;
			buildSettings = {
				BUNDLE_LOADER = "$(TEST_HOST)";
				CODE_SIGN_STYLE = Automatic;
				CURRENT_PROJECT_VERSION = 1;
				GENERATE_INFOPLIST_FILE = YES;
				IPHONEOS_DEPLOYMENT_TARGET = 18.0;
				MARKETING_VERSION = 1.0;
				PRODUCT_BUNDLE_IDENTIFIER = com.udemy.AppGardenTests;
				PRODUCT_NAME = "$(TARGET_NAME)";
				SWIFT_EMIT_LOC_STRINGS = NO;
				SWIFT_VERSION = 5.0;
				TARGETED_DEVICE_FAMILY = "1,2";
				TEST_HOST = "$(BUILT_PRODUCTS_DIR)/AppGarden.app/$(BUNDLE_EXECUTABLE_FOLDER_PATH)/AppGarden";
			};
			name = Release;
		};
		D9E26E322CA20A5900EB1CF7 /* Debug */ = {
			isa = XCBuildConfiguration;
			buildSettings = {
				CODE_SIGN_STYLE = Automatic;
				CURRENT_PROJECT_VERSION = 1;
				GENERATE_INFOPLIST_FILE = YES;
				MARKETING_VERSION = 1.0;
				PRODUCT_BUNDLE_IDENTIFIER = com.udemy.AppGardenUITests;
				PRODUCT_NAME = "$(TARGET_NAME)";
				SWIFT_EMIT_LOC_STRINGS = NO;
				SWIFT_VERSION = 5.0;
				TARGETED_DEVICE_FAMILY = "1,2";
				TEST_TARGET_NAME = AppGarden;
			};
			name = Debug;
		};
		D9E26E332CA20A5900EB1CF7 /* Release */ = {
			isa = XCBuildConfiguration;
			buildSettings = {
				CODE_SIGN_STYLE = Automatic;
				CURRENT_PROJECT_VERSION = 1;
				GENERATE_INFOPLIST_FILE = YES;
				MARKETING_VERSION = 1.0;
				PRODUCT_BUNDLE_IDENTIFIER = com.udemy.AppGardenUITests;
				PRODUCT_NAME = "$(TARGET_NAME)";
				SWIFT_EMIT_LOC_STRINGS = NO;
				SWIFT_VERSION = 5.0;
				TARGETED_DEVICE_FAMILY = "1,2";
				TEST_TARGET_NAME = AppGarden;
			};
			name = Release;
		};
/* End XCBuildConfiguration section */

/* Begin XCConfigurationList section */
		D9E26E022CA20A5800EB1CF7 /* Build configuration list for PBXProject "AppGarden" */ = {
			isa = XCConfigurationList;
			buildConfigurations = (
				D9E26E292CA20A5900EB1CF7 /* Debug */,
				D9E26E2A2CA20A5900EB1CF7 /* Release */,
			);
			defaultConfigurationIsVisible = 0;
			defaultConfigurationName = Release;
		};
		D9E26E2B2CA20A5900EB1CF7 /* Build configuration list for PBXNativeTarget "AppGarden" */ = {
			isa = XCConfigurationList;
			buildConfigurations = (
				D9E26E2C2CA20A5900EB1CF7 /* Debug */,
				D9E26E2D2CA20A5900EB1CF7 /* Release */,
			);
			defaultConfigurationIsVisible = 0;
			defaultConfigurationName = Release;
		};
		D9E26E2E2CA20A5900EB1CF7 /* Build configuration list for PBXNativeTarget "AppGardenTests" */ = {
			isa = XCConfigurationList;
			buildConfigurations = (
				D9E26E2F2CA20A5900EB1CF7 /* Debug */,
				D9E26E302CA20A5900EB1CF7 /* Release */,
			);
			defaultConfigurationIsVisible = 0;
			defaultConfigurationName = Release;
		};
		D9E26E312CA20A5900EB1CF7 /* Build configuration list for PBXNativeTarget "AppGardenUITests" */ = {
			isa = XCConfigurationList;
			buildConfigurations = (
				D9E26E322CA20A5900EB1CF7 /* Debug */,
				D9E26E332CA20A5900EB1CF7 /* Release */,
			);
			defaultConfigurationIsVisible = 0;
			defaultConfigurationName = Release;
		};
/* End XCConfigurationList section */
	};
	rootObject = D9E26DFF2CA20A5800EB1CF7 /* Project object */;
}
